
Microsoft Visual Studio Solution File, Format Version 12.00
# Visual Studio 15
VisualStudioVersion = 15.0.27703.2000
MinimumVisualStudioVersion = 10.0.40219.1
Project("{FAE04EC0-301F-11D3-BF4B-00C04F79EFBC}") = "SoBesedkaApp", "SoBesedkaApp.csproj", "{B238F772-E0B8-41CD-BD5E-03D4CAAFC57F}"
EndProject
Global
	GlobalSection(SolutionConfigurationPlatforms) = preSolution
		Debug|Any CPU = Debug|Any CPU
		Release|Any CPU = Release|Any CPU
	EndGlobalSection
	GlobalSection(ProjectConfigurationPlatforms) = postSolution
		{B238F772-E0B8-41CD-BD5E-03D4CAAFC57F}.Debug|Any CPU.ActiveCfg = Debug|Any CPU
		{B238F772-E0B8-41CD-BD5E-03D4CAAFC57F}.Debug|Any CPU.Build.0 = Debug|Any CPU
		{B238F772-E0B8-41CD-BD5E-03D4CAAFC57F}.Release|Any CPU.ActiveCfg = Release|Any CPU
		{B238F772-E0B8-41CD-BD5E-03D4CAAFC57F}.Release|Any CPU.Build.0 = Release|Any CPU
	EndGlobalSection
	GlobalSection(SolutionProperties) = preSolution
		HideSolutionNode = FALSE
	EndGlobalSection
	GlobalSection(ExtensibilityGlobals) = postSolution
		SolutionGuid = {B1BA80E7-B3C0-4B5E-A23C-F7AFE21E4D44}
	EndGlobalSection
EndGlobal
